
Microsoft Visual Studio Solution File, Format Version 12.00
# Visual Studio Version 16
VisualStudioVersion = 16.0.30114.105
MinimumVisualStudioVersion = 10.0.40219.1
Project("{FAE04EC0-301F-11D3-BF4B-00C04F79EFBC}") = "c#_calccalcv2", "src\c#_calccalcv2.csproj", "{A8F0CF81-4CD3-4BDE-AA46-7ADDE834F37B}"
EndProject
Project("{FAE04EC0-301F-11D3-BF4B-00C04F79EFBC}") = "tests", "tests\tests.csproj", "{11A7FFAD-AE63-4E39-84FA-890CFC7F763A}"
EndProject
Global
	GlobalSection(SolutionConfigurationPlatforms) = preSolution
		Debug|Any CPU = Debug|Any CPU
		Release|Any CPU = Release|Any CPU
	EndGlobalSection
	GlobalSection(SolutionProperties) = preSolution
		HideSolutionNode = FALSE
	EndGlobalSection
	GlobalSection(ProjectConfigurationPlatforms) = postSolution
		{A8F0CF81-4CD3-4BDE-AA46-7ADDE834F37B}.Debug|Any CPU.ActiveCfg = Debug|Any CPU
		{A8F0CF81-4CD3-4BDE-AA46-7ADDE834F37B}.Debug|Any CPU.Build.0 = Debug|Any CPU
		{A8F0CF81-4CD3-4BDE-AA46-7ADDE834F37B}.Release|Any CPU.ActiveCfg = Release|Any CPU
		{A8F0CF81-4CD3-4BDE-AA46-7ADDE834F37B}.Release|Any CPU.Build.0 = Release|Any CPU
		{11A7FFAD-AE63-4E39-84FA-890CFC7F763A}.Debug|Any CPU.ActiveCfg = Debug|Any CPU
		{11A7FFAD-AE63-4E39-84FA-890CFC7F763A}.Debug|Any CPU.Build.0 = Debug|Any CPU
		{11A7FFAD-AE63-4E39-84FA-890CFC7F763A}.Release|Any CPU.ActiveCfg = Release|Any CPU
		{11A7FFAD-AE63-4E39-84FA-890CFC7F763A}.Release|Any CPU.Build.0 = Release|Any CPU
	EndGlobalSection
EndGlobal
